
Microsoft Visual Studio Solution File, Format Version 12.00
# Visual Studio Version 17
VisualStudioVersion = 17.0.31903.59
MinimumVisualStudioVersion = 10.0.40219.1
Project("{FAE04EC0-301F-11D3-BF4B-00C04F79EFBC}") = "ShiftSync.Api", "ShiftSync.Api\ShiftSync.Api.csproj", "{3180E589-409C-4CB2-A086-15A4BF280BAD}"
EndProject
Project("{FAE04EC0-301F-11D3-BF4B-00C04F79EFBC}") = "ShiftSync.Shared", "ShiftSync.Shared\ShiftSync.Shared.csproj", "{944A2D3A-9334-4F1C-BE12-ACFFBE6D38E5}"
EndProject
Project("{FAE04EC0-301F-11D3-BF4B-00C04F79EFBC}") = "ShiftSync.Web", "ShiftSync.Web\ShiftSync.Web.csproj", "{AFAE9837-A55F-4CFB-BA82-F0C09A3E6238}"
EndProject
Project("{FAE04EC0-301F-11D3-BF4B-00C04F79EFBC}") = "ShiftSync.Mobile", "ShiftSync.Mobile\ShiftSync.Mobile.csproj", "{1008E5D6-8382-40CB-99D5-AABE5CE2E8A8}"
EndProject
Global
	GlobalSection(SolutionConfigurationPlatforms) = preSolution
		Debug|Any CPU = Debug|Any CPU
		Release|Any CPU = Release|Any CPU
	EndGlobalSection
	GlobalSection(SolutionProperties) = preSolution
		HideSolutionNode = FALSE
	EndGlobalSection
	GlobalSection(ProjectConfigurationPlatforms) = postSolution
		{3180E589-409C-4CB2-A086-15A4BF280BAD}.Debug|Any CPU.ActiveCfg = Debug|Any CPU
		{3180E589-409C-4CB2-A086-15A4BF280BAD}.Debug|Any CPU.Build.0 = Debug|Any CPU
		{3180E589-409C-4CB2-A086-15A4BF280BAD}.Release|Any CPU.ActiveCfg = Release|Any CPU
		{3180E589-409C-4CB2-A086-15A4BF280BAD}.Release|Any CPU.Build.0 = Release|Any CPU
		{944A2D3A-9334-4F1C-BE12-ACFFBE6D38E5}.Debug|Any CPU.ActiveCfg = Debug|Any CPU
		{944A2D3A-9334-4F1C-BE12-ACFFBE6D38E5}.Debug|Any CPU.Build.0 = Debug|Any CPU
		{944A2D3A-9334-4F1C-BE12-ACFFBE6D38E5}.Release|Any CPU.ActiveCfg = Release|Any CPU
		{944A2D3A-9334-4F1C-BE12-ACFFBE6D38E5}.Release|Any CPU.Build.0 = Release|Any CPU
		{AFAE9837-A55F-4CFB-BA82-F0C09A3E6238}.Debug|Any CPU.ActiveCfg = Debug|Any CPU
		{AFAE9837-A55F-4CFB-BA82-F0C09A3E6238}.Debug|Any CPU.Build.0 = Debug|Any CPU
		{AFAE9837-A55F-4CFB-BA82-F0C09A3E6238}.Release|Any CPU.ActiveCfg = Release|Any CPU
		{AFAE9837-A55F-4CFB-BA82-F0C09A3E6238}.Release|Any CPU.Build.0 = Release|Any CPU
		{1008E5D6-8382-40CB-99D5-AABE5CE2E8A8}.Debug|Any CPU.ActiveCfg = Debug|Any CPU
		{1008E5D6-8382-40CB-99D5-AABE5CE2E8A8}.Debug|Any CPU.Build.0 = Debug|Any CPU
		{1008E5D6-8382-40CB-99D5-AABE5CE2E8A8}.Release|Any CPU.ActiveCfg = Release|Any CPU
		{1008E5D6-8382-40CB-99D5-AABE5CE2E8A8}.Release|Any CPU.Build.0 = Release|Any CPU
	EndGlobalSection
EndGlobal
